
Microsoft Visual Studio Solution File, Format Version 12.00
# Visual Studio Version 17
VisualStudioVersion = 17.11.35327.3
MinimumVisualStudioVersion = 10.0.40219.1
Project("{FAE04EC0-301F-11D3-BF4B-00C04F79EFBC}") = "HospitalMobileAPPApi", "HospitalMobileAPPApi.csproj", "{F9430266-7058-418C-BD73-9AD8E3D8A3E7}"
EndProject
Global
	GlobalSection(SolutionConfigurationPlatforms) = preSolution
		Debug|Any CPU = Debug|Any CPU
		Release|Any CPU = Release|Any CPU
	EndGlobalSection
	GlobalSection(ProjectConfigurationPlatforms) = postSolution
		{F9430266-7058-418C-BD73-9AD8E3D8A3E7}.Debug|Any CPU.ActiveCfg = Debug|Any CPU
		{F9430266-7058-418C-BD73-9AD8E3D8A3E7}.Debug|Any CPU.Build.0 = Debug|Any CPU
		{F9430266-7058-418C-BD73-9AD8E3D8A3E7}.Release|Any CPU.ActiveCfg = Release|Any CPU
		{F9430266-7058-418C-BD73-9AD8E3D8A3E7}.Release|Any CPU.Build.0 = Release|Any CPU
	EndGlobalSection
	GlobalSection(SolutionProperties) = preSolution
		HideSolutionNode = FALSE
	EndGlobalSection
	GlobalSection(ExtensibilityGlobals) = postSolution
		SolutionGuid = {48AA4309-4F5F-48F2-9F3A-53A4DE39226E}
	EndGlobalSection
EndGlobal
